
Microsoft Visual Studio Solution File, Format Version 12.00
# Visual Studio Version 17
VisualStudioVersion = 17.0.32014.148
MinimumVisualStudioVersion = 10.0.40219.1
Project("{FAE04EC0-301F-11D3-BF4B-00C04F79EFBC}") = "BuilderPatternGenerators", "BuilderPatternGenerators\BuilderPatternGenerators.csproj", "{8F6154D9-CEB7-4447-8D46-C4817739B035}"
EndProject
Global
	GlobalSection(SolutionConfigurationPlatforms) = preSolution
		Debug|Any CPU = Debug|Any CPU
		Release|Any CPU = Release|Any CPU
	EndGlobalSection
	GlobalSection(ProjectConfigurationPlatforms) = postSolution
		{8F6154D9-CEB7-4447-8D46-C4817739B035}.Debug|Any CPU.ActiveCfg = Debug|Any CPU
		{8F6154D9-CEB7-4447-8D46-C4817739B035}.Debug|Any CPU.Build.0 = Debug|Any CPU
		{8F6154D9-CEB7-4447-8D46-C4817739B035}.Release|Any CPU.ActiveCfg = Release|Any CPU
		{8F6154D9-CEB7-4447-8D46-C4817739B035}.Release|Any CPU.Build.0 = Release|Any CPU
	EndGlobalSection
	GlobalSection(SolutionProperties) = preSolution
		HideSolutionNode = FALSE
	EndGlobalSection
	GlobalSection(ExtensibilityGlobals) = postSolution
		SolutionGuid = {8378DFB3-17EE-4CB1-83A7-4F625980DC2E}
	EndGlobalSection
EndGlobal
